{
  "name": "auction-note-tools",
  "lockfileVersion": 3,
  "requires": true,
  "packages": {
    "": {
      "name": "auction-note-tools",
      "devDependencies": {
        "court-auction-notice-search": "^0.3.3",
        "playwright": "1.63.0",
        "xlsx": "https://cdn.sheetjs.com/xlsx-0.20.3/xlsx-0.20.3.tgz"
      }
    },
    "node_modules/court-auction-notice-search": {
      "version": "0.3.3",
      "resolved": "https://registry.npmjs.org/court-auction-notice-search/-/court-auction-notice-search-0.3.3.tgz",
      "integrity": "sha512-uIRqFMufunlBpYDeaiyMUf9eMhimef05Ns8LXiL2VKLCa7e5mrHS+cdKq18GQ/ZnPSKiokHepC0YqlyWtVK2Mw==",
      "dev": true,
      "license": "MIT",
      "dependencies": {
        "k-skill-browser-runtime": "^0.4.0"
      },
      "bin": {
        "court-auction-notice-search": "bin/court-auction-notice-search.js"
      },
      "engines": {
        "node": ">=18"
      },
      "optionalDependencies": {
        "playwright-core": ">=1.40.0",
        "rebrowser-playwright": ">=1.40.0"
      }
    },
    "node_modules/fsevents": {
      "version": "2.3.2",
      "resolved": "https://registry.npmjs.org/fsevents/-/fsevents-2.3.2.tgz",
      "integrity": "sha512-xiqMQR4xAeHTuB9uWm+fFRcIOgKBMiOBP+eXiyT7jsgVCq1bkVygt00oASowB7EdtpOHaaPgKt812P9ab+DDKA==",
      "dev": true,
      "hasInstallScript": true,
      "license": "MIT",
      "optional": true,
      "os": [
        "darwin"
      ],
      "engines": {
        "node": "^8.16.0 || ^10.6.0 || >=11.0.0"
      }
    },
    "node_modules/k-skill-browser-runtime": {
      "version": "0.4.0",
      "resolved": "https://registry.npmjs.org/k-skill-browser-runtime/-/k-skill-browser-runtime-0.4.0.tgz",
      "integrity": "sha512-PtMid8R2JaBHWWsQlwUGhbg+2nzWaRnQUncdLm8rEzb/Wa/43CezzwoBlQvUMDJ64tNdXTmWYV8CsZAJ5NQ0cw==",
      "dev": true,
      "license": "MIT",
      "engines": {
        "node": ">=18"
      },
      "optionalDependencies": {
        "playwright-core": ">=1.40.0",
        "rebrowser-playwright": ">=1.40.0"
      }
    },
    "node_modules/playwright": {
      "version": "1.63.0",
      "resolved": "https://registry.npmjs.org/playwright/-/playwright-1.63.0.tgz",
      "integrity": "sha512-+7ziBLidS4NaNCdt57SUDT+wYmmd5fmiQejUic/kb+YsYSCPyOOE9sebzMjNmQrsnNpDJqd4WHvV/8lfKfUDUg==",
      "dev": true,
      "license": "Apache-2.0",
      "dependencies": {
        "playwright-core": "1.63.0"
      },
      "bin": {
        "playwright": "cli.js"
      },
      "engines": {
        "node": ">=20"
      }
    },
    "node_modules/playwright-core": {
      "version": "1.63.0",
      "resolved": "https://registry.npmjs.org/playwright-core/-/playwright-core-1.63.0.tgz",
      "integrity": "sha512-rYCsBF/M5HjUch52bbtVONEFjv6Xu8sm8h72dNlR5bzIE1fvC/bxgspzkjSfU+MweEMmPM8KJebG6nnyxo5mCg==",
      "dev": true,
      "license": "Apache-2.0",
      "bin": {
        "playwright-core": "cli.js"
      },
      "engines": {
        "node": ">=20"
      }
    },
    "node_modules/rebrowser-playwright": {
      "version": "1.52.0",
      "resolved": "https://registry.npmjs.org/rebrowser-playwright/-/rebrowser-playwright-1.52.0.tgz",
      "integrity": "sha512-UjpqfwmF9+XtOuCCxGQ2ZlLeuSaSv//4Z6ZQgYPsJovz3d7nWodCd2hSRQigAswAUnsPmVwnQUpSn+TLKaKV+A==",
      "dev": true,
      "license": "Apache-2.0",
      "optional": true,
      "dependencies": {
        "playwright-core": "npm:rebrowser-playwright-core@~1.52.0"
      },
      "bin": {
        "playwright": "cli.js"
      },
      "engines": {
        "node": ">=18"
      },
      "optionalDependencies": {
        "fsevents": "2.3.2"
      }
    },
    "node_modules/rebrowser-playwright/node_modules/playwright-core": {
      "name": "rebrowser-playwright-core",
      "version": "1.52.0",
      "resolved": "https://registry.npmjs.org/rebrowser-playwright-core/-/rebrowser-playwright-core-1.52.0.tgz",
      "integrity": "sha512-gjrvLNh0RX6B/tg6pWaPNGf+9+z1Jl2EyAh5MXD5xMa2lputGRZ9V2MJ/uofcC5Np3vSOJ3SdVSRqwteC0FjfQ==",
      "dev": true,
      "license": "Apache-2.0",
      "optional": true,
      "bin": {
        "playwright-core": "cli.js"
      },
      "engines": {
        "node": ">=18"
      }
    },
    "node_modules/xlsx": {
      "version": "0.20.3",
      "resolved": "https://cdn.sheetjs.com/xlsx-0.20.3/xlsx-0.20.3.tgz",
      "integrity": "sha512-oLDq3jw7AcLqKWH2AhCpVTZl8mf6X2YReP+Neh0SJUzV/BdZYjth94tG5toiMB1PPrYtxOCfaoUCkvtuH+3AJA==",
      "dev": true,
      "license": "Apache-2.0",
      "bin": {
        "xlsx": "bin/xlsx.njs"
      },
      "engines": {
        "node": ">=0.8"
      }
    }
  }
}
